{
  "originHash" : "11f0a254b09efe69613a861edd66ab237a357bd163710566abfae6e2c7f1ec72",
  "pins" : [
    {
      "identity" : "csfoundationlibrary",
      "kind" : "remoteSourceControl",
      "location" : "https://github.com/ChristianSchinkel/CSFoundationLibrary",
      "state" : {
        "branch" : "main",
        "revision" : "0c836776f4fb7103d553f5a15c2b88c800b124d0"
      }
    }
  ],
  "version" : 3
}
